
Microsoft Visual Studio Solution File, Format Version 12.00
# Visual Studio 15
VisualStudioVersion = 15.0.28307.539
MinimumVisualStudioVersion = 10.0.40219.1
Project("{FAE04EC0-301F-11D3-BF4B-00C04F79EFBC}") = "学生宿舍管理系统", "学生宿舍管理系统\学生宿舍管理系统.csproj", "{CA0CA5C5-E88A-403C-993A-1ABE85C717A4}"
EndProject
Global
	GlobalSection(SolutionConfigurationPlatforms) = preSolution
		Debug|Any CPU = Debug|Any CPU
		Release|Any CPU = Release|Any CPU
	EndGlobalSection
	GlobalSection(ProjectConfigurationPlatforms) = postSolution
		{CA0CA5C5-E88A-403C-993A-1ABE85C717A4}.Debug|Any CPU.ActiveCfg = Debug|Any CPU
		{CA0CA5C5-E88A-403C-993A-1ABE85C717A4}.Debug|Any CPU.Build.0 = Debug|Any CPU
		{CA0CA5C5-E88A-403C-993A-1ABE85C717A4}.Release|Any CPU.ActiveCfg = Release|Any CPU
		{CA0CA5C5-E88A-403C-993A-1ABE85C717A4}.Release|Any CPU.Build.0 = Release|Any CPU
	EndGlobalSection
	GlobalSection(SolutionProperties) = preSolution
		HideSolutionNode = FALSE
	EndGlobalSection
	GlobalSection(ExtensibilityGlobals) = postSolution
		SolutionGuid = {BA3B252D-DAF2-4F6E-A7AA-09D15BB4B6AA}
	EndGlobalSection
EndGlobal
